10301069917915737182
concurrentqueue 6dd38b8a1dbaa7863aa907045f32308a56a6ff5d
zlib 1e1dfdedddb54a2e2cb8fec3b67f925233c495aa
boost 60cae66449fa3c9599b2b7d3d5d44c65301ed3a3
googletest 34a46558609e05865c197f0260ab36daa7cbbb6e
cista ed9ea61e4d3e287546f778729fafb5caca574658
fmt edb385ac526c24bc917ec4a41bb0edb28f0ca59e
utl fd7425b1a57a4b887318ba8c41a3184f8c4a50c5
